lockfileVersion: '9.0'

settings:
  autoInstallPeers: true
  excludeLinksFromLockfile: false

importers:

  .:
    dependencies:
      '@lexical/react':
        specifier: ^0.29.0
        version: 0.29.0(react-dom@19.1.0(react@19.1.0))(react@19.1.0)(yjs@13.6.24)
      lexical:
        specifier: ^0.29.0
        version: 0.29.0
      react:
        specifier: ^19.0.0
        version: 19.1.0
    devDependencies:
      '@types/react':
        specifier: ^19.0.12
        version: 19.0.12
      typescript:
        specifier: ^5.8.2
        version: 5.8.2

packages:

  '@babel/runtime@7.27.0':
    resolution: {integrity: sha512-VtPOkrdPHZsKc/clNqyi9WUA8TINkZ4cGk63UUE3u4pmB2k+ZMQRDuIOagv8UVd6j7k0T3+RRIb7beKTebNbcw==}
    engines: {node: '>=6.9.0'}

  '@lexical/clipboard@0.29.0':
    resolution: {integrity: sha512-llxZosYCwH13p2GfPfhAinukdvAZYxWuwf5md107X80hsE8TQJj25unjqTwRKQ+w/wD+hpmBMziU8+K/WTitWQ==}

  '@lexical/code@0.29.0':
    resolution: {integrity: sha512-yKGzoKpyIO39Xf7OKLPpoCE5V8mTDCM3l3CDHZR3X1gM/VZQzf4jAiO3b06y9YkQ2fM8kqwchYu87wGvs8/iIQ==}

  '@lexical/devtools-core@0.29.0':
    resolution: {integrity: sha512-uUq0m9ql/7mthp7Ho1vnG7Id6imQ5kD5mxUhX2lmgHretS+yAHGsGsGiPIVHdPWeVmUb2n4IVDJ+cJbUsUjQJw==}
    peerDependencies:
      react: '>=17.x'
      react-dom: '>=17.x'

  '@lexical/dragon@0.29.0':
    resolution: {integrity: sha512-Zaky2jd/Pp1blAZqPeGNdyhxnVL4lwVjbWPxhfS1gbW4Q5CBQ3aD3B0T4ljiKfmRNJm004LJ9q7KjhlRbREvZA==}

  '@lexical/hashtag@0.29.0':
    resolution: {integrity: sha512-fa7s0Yi2RKz/GvgT5XU9fborx6VPU3VtvvEPaIXgyd6zXZRiOhD9rGypwB3oj4fMK1ndx2dX0m7SwhMJo48D8w==}

  '@lexical/history@0.29.0':
    resolution: {integrity: sha512-OrCwZycp/yaq63mw511NutkwAB+W6WSchG1xTxlLh6nbc8jnbvKhCf4CGbnrvlhD7hTuzxJ8FI9/2M/2zv/mNQ==}

  '@lexical/html@0.29.0':
    resolution: {integrity: sha512-+jV6ijppOpxpUGeXkGssXJbsAmFALfeLrgbM0xuZbxZ7RgYZ+5Atn00WjSno7+JV5EOuRkYmCNtS1tiHtXMY1g==}

  '@lexical/link@0.29.0':
    resolution: {integrity: sha512-wGbKRF0x/6ZQHuCfr8m8qD1J0R1kFmWINBG2A1hUXPDf7UY5qm/nS2oKNDGpjiDMGwkVZ7n7WfzeBGO+KRe/Lg==}

  '@lexical/list@0.29.0':
    resolution: {integrity: sha512-sWiof+i2ff8rL7KxJ3dxHLwyJfX423e1EVLmAdQEOPhyZJiNbeLTSNhNGsZ8FjFoBwvTTEDwuQZm3iT3hliKOg==}

  '@lexical/mark@0.29.0':
    resolution: {integrity: sha512-UB3x6pyUdpZHRqF4tiajLnC1+Umvt7x8Rkkdi29aNNvzIWniVwGkBOlmvFus7x+4dOV1D1fydwiP4m38nGgLDw==}

  '@lexical/markdown@0.29.0':
    resolution: {integrity: sha512-4Od8WoDoviv9DxJZVgrIORTIAzyoGOpztbGbIBXguGmwvy7NnHQDh9fZYIYRrdI1Awp1VVGdJ3ku/7KTgSOoRw==}

  '@lexical/offset@0.29.0':
    resolution: {integrity: sha512-VyD2Ff3rBJpo++Fxvi3MNYmDELa+9nA0EgXqGRNb3MvRehRjHbaDbymtLMMHIwvbkF5lnra+ubStcTRQmoQxXw==}

  '@lexical/overflow@0.29.0':
    resolution: {integrity: sha512-IzH3M652Ej2gB2sK65N3yTgyiQAa3I3tqKbSnBRiXu/+isxHoCy/qRr9/kL63uy7zhGvgV+EYsoffQCawIFt8Q==}

  '@lexical/plain-text@0.29.0':
    resolution: {integrity: sha512-F5C3meDb2HmO0NmKJBVRkjmX9PNln6O1jXU/APJuSFBdvfcIWSY58ncHR4zy2M5LF1Q5PQMWyIay9p+SqOtY5A==}

  '@lexical/react@0.29.0':
    resolution: {integrity: sha512-YMlnljW/jxmwSzsRv5UPatfOoMZXqxFmRIEltTUIQfrOFdqn+ssUtCpjE6xRD1oxD6KpSIekakzLs+y/8+7CuQ==}
    peerDependencies:
      react: '>=17.x'
      react-dom: '>=17.x'

  '@lexical/rich-text@0.29.0':
    resolution: {integrity: sha512-fSKgXGxJUOWo7dwSTUYFVBNNk4pPN8norsZfdmKM1kGDS1/GKuVzlzHLKZ7rQb8RLD5a43p4ifEL+28P+q0Qqg==}

  '@lexical/selection@0.29.0':
    resolution: {integrity: sha512-lX9CRrXgKte65cozTHFXwUJ2fvZD92OEtos+YU+U40GJjf3NdheGeKDxDfOpF4AXrYRSszY7E0CzmIvuEs0p4A==}

  '@lexical/table@0.29.0':
    resolution: {integrity: sha512-Jdj32kBDeJh/0dGaZB14JggnEIS956/cN7grnLr7cmhhVzDicvLMBENSXQVEJAQVcSIU4G9EvxC7GJZ9VgqDnA==}

  '@lexical/text@0.29.0':
    resolution: {integrity: sha512-QnNGr6ickTLk76o3PdxJjPwt//dpuh8idVfR73WdCIoAwkhiEPUxxTZERoMsudXj6O/lJ+/HhI61wVjLckYr3A==}

  '@lexical/utils@0.29.0':
    resolution: {integrity: sha512-y2hhWQDjcXdplsAaQMuZx6ht9u1I4BV5NynA+WKoQ3h8vKxzeDnpCxVOK/zxU1R5dhM/nilnFu7uhvrSeEn+TQ==}

  '@lexical/yjs@0.29.0':
    resolution: {integrity: sha512-6IXWWlGkVJEzWP/+LcuKYJ9jmcFp8k7TT/jmz4V5gBD9Ut3swOGsIA/sQCtB9y7jad10csaDVmFdFzGNWKVH9A==}
    peerDependencies:
      yjs: '>=13.5.22'

  '@types/react@19.0.12':
    resolution: {integrity: sha512-V6Ar115dBDrjbtXSrS+/Oruobc+qVbbUxDFC1RSbRqLt5SYvxxyIDrSC85RWml54g+jfNeEMZhEj7wW07ONQhA==}

  csstype@3.1.3:
    resolution: {integrity: sha512-M1uQkMl8rQK/szD0LNhtqxIPLpimGm8sOBwU7lLnCpSbTyY3yeU1Vc7l4KT5zT4s/yOxHH5O7tIuuLOCnLADRw==}

  isomorphic.js@0.2.5:
    resolution: {integrity: sha512-PIeMbHqMt4DnUP3MA/Flc0HElYjMXArsw1qwJZcm9sqR8mq3l8NYizFMty0pWwE/tzIGH3EKK5+jes5mAr85yw==}

  lexical@0.29.0:
    resolution: {integrity: sha512-eoBHUEn0LmExKeK6x2cFKU0FPaMk2Bc5HgiCzTiv5ymKtwWw7LeKcxaNPmLxRRdQpcWV1IMKjayAbw7Lt/Gu7w==}

  lib0@0.2.101:
    resolution: {integrity: sha512-LljA6+Ehf0Z7YnxhgSAvspzWALjW4wlWdN/W4iGiqYc1KvXQgOVXWI0xwlwqozIL5WRdKeUW2gq0DLhFsY+Xlw==}
    engines: {node: '>=16'}
    hasBin: true

  prismjs@1.30.0:
    resolution: {integrity: sha512-DEvV2ZF2r2/63V+tK8hQvrR2ZGn10srHbXviTlcv7Kpzw8jWiNTqbVgjO3IY8RxrrOUF8VPMQQFysYYYv0YZxw==}
    engines: {node: '>=6'}

  react-dom@19.1.0:
    resolution: {integrity: sha512-Xs1hdnE+DyKgeHJeJznQmYMIBG3TKIHJJT95Q58nHLSrElKlGQqDTR2HQ9fx5CN/Gk6Vh/kupBTDLU11/nDk/g==}
    peerDependencies:
      react: ^19.1.0

  react-error-boundary@3.1.4:
    resolution: {integrity: sha512-uM9uPzZJTF6wRQORmSrvOIgt4lJ9MC1sNgEOj2XGsDTRE4kmpWxg7ENK9EWNKJRMAOY9z0MuF4yIfl6gp4sotA==}
    engines: {node: '>=10', npm: '>=6'}
    peerDependencies:
      react: '>=16.13.1'

  react@19.1.0:
    resolution: {integrity: sha512-FS+XFBNvn3GTAWq26joslQgWNoFu08F4kl0J4CgdNKADkdSGXQyTCnKteIAJy96Br6YbpEU1LSzV5dYtjMkMDg==}
    engines: {node: '>=0.10.0'}

  regenerator-runtime@0.14.1:
    resolution: {integrity: sha512-dYnhHh0nJoMfnkZs6GmmhFknAGRrLznOu5nc9ML+EJxGvrx6H7teuevqVqCuPcPK//3eDrrjQhehXVx9cnkGdw==}

  scheduler@0.26.0:
    resolution: {integrity: sha512-NlHwttCI/l5gCPR3D1nNXtWABUmBwvZpEQiD4IXSbIDq8BzLIK/7Ir5gTFSGZDUu37K5cMNp0hFtzO38sC7gWA==}

  typescript@5.8.2:
    resolution: {integrity: sha512-aJn6wq13/afZp/jT9QZmwEjDqqvSGp1VT5GVg+f/t6/oVyrgXM6BY1h9BRh/O5p3PlUPAe+WuiEZOmb/49RqoQ==}
    engines: {node: '>=14.17'}
    hasBin: true

  yjs@13.6.24:
    resolution: {integrity: sha512-xn/pYLTZa3uD1uDG8lpxfLRo5SR/rp0frdASOl2a71aYNvUXdWcLtVL91s2y7j+Q8ppmjZ9H3jsGVgoFMbT2VA==}
    engines: {node: '>=16.0.0', npm: '>=8.0.0'}

snapshots:

  '@babel/runtime@7.27.0':
    dependencies:
      regenerator-runtime: 0.14.1

  '@lexical/clipboard@0.29.0':
    dependencies:
      '@lexical/html': 0.29.0
      '@lexical/list': 0.29.0
      '@lexical/selection': 0.29.0
      '@lexical/utils': 0.29.0
      lexical: 0.29.0

  '@lexical/code@0.29.0':
    dependencies:
      '@lexical/utils': 0.29.0
      lexical: 0.29.0
      prismjs: 1.30.0

  '@lexical/devtools-core@0.29.0(react-dom@19.1.0(react@19.1.0))(react@19.1.0)':
    dependencies:
      '@lexical/html': 0.29.0
      '@lexical/link': 0.29.0
      '@lexical/mark': 0.29.0
      '@lexical/table': 0.29.0
      '@lexical/utils': 0.29.0
      lexical: 0.29.0
      react: 19.1.0
      react-dom: 19.1.0(react@19.1.0)

  '@lexical/dragon@0.29.0':
    dependencies:
      lexical: 0.29.0

  '@lexical/hashtag@0.29.0':
    dependencies:
      '@lexical/utils': 0.29.0
      lexical: 0.29.0

  '@lexical/history@0.29.0':
    dependencies:
      '@lexical/utils': 0.29.0
      lexical: 0.29.0

  '@lexical/html@0.29.0':
    dependencies:
      '@lexical/selection': 0.29.0
      '@lexical/utils': 0.29.0
      lexical: 0.29.0

  '@lexical/link@0.29.0':
    dependencies:
      '@lexical/utils': 0.29.0
      lexical: 0.29.0

  '@lexical/list@0.29.0':
    dependencies:
      '@lexical/selection': 0.29.0
      '@lexical/utils': 0.29.0
      lexical: 0.29.0

  '@lexical/mark@0.29.0':
    dependencies:
      '@lexical/utils': 0.29.0
      lexical: 0.29.0

  '@lexical/markdown@0.29.0':
    dependencies:
      '@lexical/code': 0.29.0
      '@lexical/link': 0.29.0
      '@lexical/list': 0.29.0
      '@lexical/rich-text': 0.29.0
      '@lexical/text': 0.29.0
      '@lexical/utils': 0.29.0
      lexical: 0.29.0

  '@lexical/offset@0.29.0':
    dependencies:
      lexical: 0.29.0

  '@lexical/overflow@0.29.0':
    dependencies:
      lexical: 0.29.0

  '@lexical/plain-text@0.29.0':
    dependencies:
      '@lexical/clipboard': 0.29.0
      '@lexical/selection': 0.29.0
      '@lexical/utils': 0.29.0
      lexical: 0.29.0

  '@lexical/react@0.29.0(react-dom@19.1.0(react@19.1.0))(react@19.1.0)(yjs@13.6.24)':
    dependencies:
      '@lexical/devtools-core': 0.29.0(react-dom@19.1.0(react@19.1.0))(react@19.1.0)
      '@lexical/dragon': 0.29.0
      '@lexical/hashtag': 0.29.0
      '@lexical/history': 0.29.0
      '@lexical/link': 0.29.0
      '@lexical/list': 0.29.0
      '@lexical/mark': 0.29.0
      '@lexical/markdown': 0.29.0
      '@lexical/overflow': 0.29.0
      '@lexical/plain-text': 0.29.0
      '@lexical/rich-text': 0.29.0
      '@lexical/table': 0.29.0
      '@lexical/text': 0.29.0
      '@lexical/utils': 0.29.0
      '@lexical/yjs': 0.29.0(yjs@13.6.24)
      lexical: 0.29.0
      react: 19.1.0
      react-dom: 19.1.0(react@19.1.0)
      react-error-boundary: 3.1.4(react@19.1.0)
    transitivePeerDependencies:
      - yjs

  '@lexical/rich-text@0.29.0':
    dependencies:
      '@lexical/clipboard': 0.29.0
      '@lexical/selection': 0.29.0
      '@lexical/utils': 0.29.0
      lexical: 0.29.0

  '@lexical/selection@0.29.0':
    dependencies:
      lexical: 0.29.0

  '@lexical/table@0.29.0':
    dependencies:
      '@lexical/clipboard': 0.29.0
      '@lexical/utils': 0.29.0
      lexical: 0.29.0

  '@lexical/text@0.29.0':
    dependencies:
      lexical: 0.29.0

  '@lexical/utils@0.29.0':
    dependencies:
      '@lexical/list': 0.29.0
      '@lexical/selection': 0.29.0
      '@lexical/table': 0.29.0
      lexical: 0.29.0

  '@lexical/yjs@0.29.0(yjs@13.6.24)':
    dependencies:
      '@lexical/offset': 0.29.0
      '@lexical/selection': 0.29.0
      lexical: 0.29.0
      yjs: 13.6.24

  '@types/react@19.0.12':
    dependencies:
      csstype: 3.1.3

  csstype@3.1.3: {}

  isomorphic.js@0.2.5: {}

  lexical@0.29.0: {}

  lib0@0.2.101:
    dependencies:
      isomorphic.js: 0.2.5

  prismjs@1.30.0: {}

  react-dom@19.1.0(react@19.1.0):
    dependencies:
      react: 19.1.0
      scheduler: 0.26.0

  react-error-boundary@3.1.4(react@19.1.0):
    dependencies:
      '@babel/runtime': 7.27.0
      react: 19.1.0

  react@19.1.0: {}

  regenerator-runtime@0.14.1: {}

  scheduler@0.26.0: {}

  typescript@5.8.2: {}

  yjs@13.6.24:
    dependencies:
      lib0: 0.2.101
